Microsoft Visual Studio Solution File, Format Version 11.00
# Visual Studio 2008

Project("{F58FA0C8-376E-963A-D09F-67EBBCB620E1}") = "Pompon", "Assembly-CSharp-firstpass.csproj", "{405E2A7D-748D-6352-557D-B7117383B254}"
EndProject
Project("{F58FA0C8-376E-963A-D09F-67EBBCB620E1}") = "Pompon", "Assembly-CSharp.csproj", "{CCB7872B-2153-AC35-2C86-35E67571D537}"
EndProject
Project("{F58FA0C8-376E-963A-D09F-67EBBCB620E1}") = "Pompon", "Assembly-CSharp-Editor.csproj", "{4742A13A-9DFC-B4DA-898D-9EBAF85EA755}"
EndProject
Global
	GlobalSection(SolutionConfigurationPlatforms) = preSolution
		Debug|Any CPU = Debug|Any CPU
		Release|Any CPU = Release|Any CPU
	EndGlobalSection
	GlobalSection(ProjectConfigurationPlatforms) = postSolution
		{405E2A7D-748D-6352-557D-B7117383B254}.Debug|Any CPU.ActiveCfg = Debug|Any CPU
		{405E2A7D-748D-6352-557D-B7117383B254}.Debug|Any CPU.Build.0 = Debug|Any CPU
		{405E2A7D-748D-6352-557D-B7117383B254}.Release|Any CPU.ActiveCfg = Release|Any CPU
		{405E2A7D-748D-6352-557D-B7117383B254}.Release|Any CPU.Build.0 = Release|Any CPU
		{CCB7872B-2153-AC35-2C86-35E67571D537}.Debug|Any CPU.ActiveCfg = Debug|Any CPU
		{CCB7872B-2153-AC35-2C86-35E67571D537}.Debug|Any CPU.Build.0 = Debug|Any CPU
		{CCB7872B-2153-AC35-2C86-35E67571D537}.Release|Any CPU.ActiveCfg = Release|Any CPU
		{CCB7872B-2153-AC35-2C86-35E67571D537}.Release|Any CPU.Build.0 = Release|Any CPU
		{4742A13A-9DFC-B4DA-898D-9EBAF85EA755}.Debug|Any CPU.ActiveCfg = Debug|Any CPU
		{4742A13A-9DFC-B4DA-898D-9EBAF85EA755}.Debug|Any CPU.Build.0 = Debug|Any CPU
		{4742A13A-9DFC-B4DA-898D-9EBAF85EA755}.Release|Any CPU.ActiveCfg = Release|Any CPU
		{4742A13A-9DFC-B4DA-898D-9EBAF85EA755}.Release|Any CPU.Build.0 = Release|Any CPU
	EndGlobalSection
	GlobalSection(SolutionProperties) = preSolution
		HideSolutionNode = FALSE
	EndGlobalSection
	GlobalSection(MonoDevelopProperties) = preSolution
		StartupItem = Assembly-CSharp.csproj
	EndGlobalSection
EndGlobal
